
Microsoft Visual Studio Solution File, Format Version 12.00
# Visual Studio Version 17
VisualStudioVersion = 17.5.33530.505
MinimumVisualStudioVersion = 10.0.40219.1
Project("{FAE04EC0-301F-11D3-BF4B-00C04F79EFBC}") = "e-Agenda", "e-Agenda\e-Agenda.csproj", "{FDC1DE90-B3D1-41EA-95EA-107A3475D318}"
EndProject
Global
	GlobalSection(SolutionConfigurationPlatforms) = preSolution
		Debug|Any CPU = Debug|Any CPU
		Release|Any CPU = Release|Any CPU
	EndGlobalSection
	GlobalSection(ProjectConfigurationPlatforms) = postSolution
		{FDC1DE90-B3D1-41EA-95EA-107A3475D318}.Debug|Any CPU.ActiveCfg = Debug|Any CPU
		{FDC1DE90-B3D1-41EA-95EA-107A3475D318}.Debug|Any CPU.Build.0 = Debug|Any CPU
		{FDC1DE90-B3D1-41EA-95EA-107A3475D318}.Release|Any CPU.ActiveCfg = Release|Any CPU
		{FDC1DE90-B3D1-41EA-95EA-107A3475D318}.Release|Any CPU.Build.0 = Release|Any CPU
	EndGlobalSection
	GlobalSection(SolutionProperties) = preSolution
		HideSolutionNode = FALSE
	EndGlobalSection
	GlobalSection(ExtensibilityGlobals) = postSolution
		SolutionGuid = {5B82F34F-4D84-4661-97F8-21FA8CE54426}
	EndGlobalSection
EndGlobal
